
Microsoft Visual Studio Solution File, Format Version 12.00
# Visual Studio Version 16
VisualStudioVersion = 16.0.30907.101
MinimumVisualStudioVersion = 10.0.40219.1
Project("{9A19103F-16F7-4668-BE54-9A1E7A4F7556}") = "1.Car", "1.Car\1.Car.csproj", "{05C29FB0-F6C4-491E-B9DE-5E2C8A4D48F6}"
EndProject
Project("{FAE04EC0-301F-11D3-BF4B-00C04F79EFBC}") = "2.CarExtension", "2.CarExtension\2.CarExtension.csproj", "{E304A05B-C295-4B6F-8850-C4900448A6B3}"
EndProject
Project("{FAE04EC0-301F-11D3-BF4B-00C04F79EFBC}") = "3.CarConstructors", "3.CarConstructors\3.CarConstructors.csproj", "{EF6FF9BC-DAD9-415A-A392-7300660A5166}"
EndProject
Project("{FAE04EC0-301F-11D3-BF4B-00C04F79EFBC}") = "4.CarEngineAndTires", "4.CarEngineAndTires\4.CarEngineAndTires.csproj", "{B5FE080E-8808-4719-93F4-D2BEB494E520}"
EndProject
Project("{FAE04EC0-301F-11D3-BF4B-00C04F79EFBC}") = "5.SpecialCars", "5.SpecialCars\5.SpecialCars.csproj", "{1347527D-EB66-424D-81C7-301D72F4DAFC}"
EndProject
Global
	GlobalSection(SolutionConfigurationPlatforms) = preSolution
		Debug|Any CPU = Debug|Any CPU
		Release|Any CPU = Release|Any CPU
	EndGlobalSection
	GlobalSection(ProjectConfigurationPlatforms) = postSolution
		{05C29FB0-F6C4-491E-B9DE-5E2C8A4D48F6}.Debug|Any CPU.ActiveCfg = Debug|Any CPU
		{05C29FB0-F6C4-491E-B9DE-5E2C8A4D48F6}.Debug|Any CPU.Build.0 = Debug|Any CPU
		{05C29FB0-F6C4-491E-B9DE-5E2C8A4D48F6}.Release|Any CPU.ActiveCfg = Release|Any CPU
		{05C29FB0-F6C4-491E-B9DE-5E2C8A4D48F6}.Release|Any CPU.Build.0 = Release|Any CPU
		{E304A05B-C295-4B6F-8850-C4900448A6B3}.Debug|Any CPU.ActiveCfg = Debug|Any CPU
		{E304A05B-C295-4B6F-8850-C4900448A6B3}.Debug|Any CPU.Build.0 = Debug|Any CPU
		{E304A05B-C295-4B6F-8850-C4900448A6B3}.Release|Any CPU.ActiveCfg = Release|Any CPU
		{E304A05B-C295-4B6F-8850-C4900448A6B3}.Release|Any CPU.Build.0 = Release|Any CPU
		{EF6FF9BC-DAD9-415A-A392-7300660A5166}.Debug|Any CPU.ActiveCfg = Debug|Any CPU
		{EF6FF9BC-DAD9-415A-A392-7300660A5166}.Debug|Any CPU.Build.0 = Debug|Any CPU
		{EF6FF9BC-DAD9-415A-A392-7300660A5166}.Release|Any CPU.ActiveCfg = Release|Any CPU
		{EF6FF9BC-DAD9-415A-A392-7300660A5166}.Release|Any CPU.Build.0 = Release|Any CPU
		{B5FE080E-8808-4719-93F4-D2BEB494E520}.Debug|Any CPU.ActiveCfg = Debug|Any CPU
		{B5FE080E-8808-4719-93F4-D2BEB494E520}.Debug|Any CPU.Build.0 = Debug|Any CPU
		{B5FE080E-8808-4719-93F4-D2BEB494E520}.Release|Any CPU.ActiveCfg = Release|Any CPU
		{B5FE080E-8808-4719-93F4-D2BEB494E520}.Release|Any CPU.Build.0 = Release|Any CPU
		{1347527D-EB66-424D-81C7-301D72F4DAFC}.Debug|Any CPU.ActiveCfg = Debug|Any CPU
		{1347527D-EB66-424D-81C7-301D72F4DAFC}.Debug|Any CPU.Build.0 = Debug|Any CPU
		{1347527D-EB66-424D-81C7-301D72F4DAFC}.Release|Any CPU.ActiveCfg = Release|Any CPU
		{1347527D-EB66-424D-81C7-301D72F4DAFC}.Release|Any CPU.Build.0 = Release|Any CPU
	EndGlobalSection
	GlobalSection(SolutionProperties) = preSolution
		HideSolutionNode = FALSE
	EndGlobalSection
	GlobalSection(ExtensibilityGlobals) = postSolution
		SolutionGuid = {D6339159-8BC5-4ECD-9F9B-0CA569D1F274}
	EndGlobalSection
EndGlobal
