
Microsoft Visual Studio Solution File, Format Version 12.00
# Visual Studio Version 16
VisualStudioVersion = 16.0.30907.101
MinimumVisualStudioVersion = 10.0.40219.1
Project("{9A19103F-16F7-4668-BE54-9A1E7A4F7556}") = "CustomList", "CustomList\CustomList.csproj", "{3171BE20-63E5-4A88-BAFA-37D5C062A4F5}"
EndProject
Project("{FAE04EC0-301F-11D3-BF4B-00C04F79EFBC}") = "CustomStack", "CustomStack\CustomStack.csproj", "{7B2A9C2A-7628-472B-B219-5E20A3E897D6}"
EndProject
Global
	GlobalSection(SolutionConfigurationPlatforms) = preSolution
		Debug|Any CPU = Debug|Any CPU
		Release|Any CPU = Release|Any CPU
	EndGlobalSection
	GlobalSection(ProjectConfigurationPlatforms) = postSolution
		{3171BE20-63E5-4A88-BAFA-37D5C062A4F5}.Debug|Any CPU.ActiveCfg = Debug|Any CPU
		{3171BE20-63E5-4A88-BAFA-37D5C062A4F5}.Debug|Any CPU.Build.0 = Debug|Any CPU
		{3171BE20-63E5-4A88-BAFA-37D5C062A4F5}.Release|Any CPU.ActiveCfg = Release|Any CPU
		{3171BE20-63E5-4A88-BAFA-37D5C062A4F5}.Release|Any CPU.Build.0 = Release|Any CPU
		{7B2A9C2A-7628-472B-B219-5E20A3E897D6}.Debug|Any CPU.ActiveCfg = Debug|Any CPU
		{7B2A9C2A-7628-472B-B219-5E20A3E897D6}.Debug|Any CPU.Build.0 = Debug|Any CPU
		{7B2A9C2A-7628-472B-B219-5E20A3E897D6}.Release|Any CPU.ActiveCfg = Release|Any CPU
		{7B2A9C2A-7628-472B-B219-5E20A3E897D6}.Release|Any CPU.Build.0 = Release|Any CPU
	EndGlobalSection
	GlobalSection(SolutionProperties) = preSolution
		HideSolutionNode = FALSE
	EndGlobalSection
	GlobalSection(ExtensibilityGlobals) = postSolution
		SolutionGuid = {D98C9D92-A4EF-4D16-B762-CAA428451D1B}
	EndGlobalSection
EndGlobal
