
Microsoft Visual Studio Solution File, Format Version 12.00
# Visual Studio Version 16
VisualStudioVersion = 16.0.31005.135
MinimumVisualStudioVersion = 10.0.40219.1
Project("{FAE04EC0-301F-11D3-BF4B-00C04F79EFBC}") = "1.Cooking", "1.Cooking\1.Cooking.csproj", "{766DB1BB-D289-421A-9732-C6614263CA58}"
EndProject
Project("{FAE04EC0-301F-11D3-BF4B-00C04F79EFBC}") = "2.Selling", "2.Selling\2.Selling.csproj", "{366FEABF-1FE5-4E07-A0B5-1F3A946D7134}"
EndProject
Project("{FAE04EC0-301F-11D3-BF4B-00C04F79EFBC}") = "3.Openning", "3.Openning\3.Openning.csproj", "{9754819B-380B-42D3-81DE-63E921E1FCB5}"
EndProject
Global
	GlobalSection(SolutionConfigurationPlatforms) = preSolution
		Debug|Any CPU = Debug|Any CPU
		Release|Any CPU = Release|Any CPU
	EndGlobalSection
	GlobalSection(ProjectConfigurationPlatforms) = postSolution
		{766DB1BB-D289-421A-9732-C6614263CA58}.Debug|Any CPU.ActiveCfg = Debug|Any CPU
		{766DB1BB-D289-421A-9732-C6614263CA58}.Debug|Any CPU.Build.0 = Debug|Any CPU
		{766DB1BB-D289-421A-9732-C6614263CA58}.Release|Any CPU.ActiveCfg = Release|Any CPU
		{766DB1BB-D289-421A-9732-C6614263CA58}.Release|Any CPU.Build.0 = Release|Any CPU
		{366FEABF-1FE5-4E07-A0B5-1F3A946D7134}.Debug|Any CPU.ActiveCfg = Debug|Any CPU
		{366FEABF-1FE5-4E07-A0B5-1F3A946D7134}.Debug|Any CPU.Build.0 = Debug|Any CPU
		{366FEABF-1FE5-4E07-A0B5-1F3A946D7134}.Release|Any CPU.ActiveCfg = Release|Any CPU
		{366FEABF-1FE5-4E07-A0B5-1F3A946D7134}.Release|Any CPU.Build.0 = Release|Any CPU
		{9754819B-380B-42D3-81DE-63E921E1FCB5}.Debug|Any CPU.ActiveCfg = Debug|Any CPU
		{9754819B-380B-42D3-81DE-63E921E1FCB5}.Debug|Any CPU.Build.0 = Debug|Any CPU
		{9754819B-380B-42D3-81DE-63E921E1FCB5}.Release|Any CPU.ActiveCfg = Release|Any CPU
		{9754819B-380B-42D3-81DE-63E921E1FCB5}.Release|Any CPU.Build.0 = Release|Any CPU
	EndGlobalSection
	GlobalSection(SolutionProperties) = preSolution
		HideSolutionNode = FALSE
	EndGlobalSection
	GlobalSection(ExtensibilityGlobals) = postSolution
		SolutionGuid = {342EAD6B-6B5B-4373-989A-9C44048F073F}
	EndGlobalSection
EndGlobal
