
Microsoft Visual Studio Solution File, Format Version 12.00
# Visual Studio Version 16
VisualStudioVersion = 16.0.30804.86
MinimumVisualStudioVersion = 10.0.40219.1
Project("{FAE04EC0-301F-11D3-BF4B-00C04F79EFBC}") = "1.Censorship", "1.Censorship\1.Censorship.csproj", "{CF3A1D22-645A-4E42-B2C6-A489BBE0584F}"
EndProject
Project("{FAE04EC0-301F-11D3-BF4B-00C04F79EFBC}") = "2.EmailMe", "2.EmailMe\2.EmailMe.csproj", "{7567C084-1660-485A-B6AD-1584FA66B0DF}"
EndProject
Project("{FAE04EC0-301F-11D3-BF4B-00C04F79EFBC}") = "3.KarateStrings", "3.KarateStrings\3.KarateStrings.csproj", "{504C54A4-21FF-4518-87E1-CA242E3BC8C0}"
EndProject
Global
	GlobalSection(SolutionConfigurationPlatforms) = preSolution
		Debug|Any CPU = Debug|Any CPU
		Release|Any CPU = Release|Any CPU
	EndGlobalSection
	GlobalSection(ProjectConfigurationPlatforms) = postSolution
		{CF3A1D22-645A-4E42-B2C6-A489BBE0584F}.Debug|Any CPU.ActiveCfg = Debug|Any CPU
		{CF3A1D22-645A-4E42-B2C6-A489BBE0584F}.Debug|Any CPU.Build.0 = Debug|Any CPU
		{CF3A1D22-645A-4E42-B2C6-A489BBE0584F}.Release|Any CPU.ActiveCfg = Release|Any CPU
		{CF3A1D22-645A-4E42-B2C6-A489BBE0584F}.Release|Any CPU.Build.0 = Release|Any CPU
		{7567C084-1660-485A-B6AD-1584FA66B0DF}.Debug|Any CPU.ActiveCfg = Debug|Any CPU
		{7567C084-1660-485A-B6AD-1584FA66B0DF}.Debug|Any CPU.Build.0 = Debug|Any CPU
		{7567C084-1660-485A-B6AD-1584FA66B0DF}.Release|Any CPU.ActiveCfg = Release|Any CPU
		{7567C084-1660-485A-B6AD-1584FA66B0DF}.Release|Any CPU.Build.0 = Release|Any CPU
		{504C54A4-21FF-4518-87E1-CA242E3BC8C0}.Debug|Any CPU.ActiveCfg = Debug|Any CPU
		{504C54A4-21FF-4518-87E1-CA242E3BC8C0}.Debug|Any CPU.Build.0 = Debug|Any CPU
		{504C54A4-21FF-4518-87E1-CA242E3BC8C0}.Release|Any CPU.ActiveCfg = Release|Any CPU
		{504C54A4-21FF-4518-87E1-CA242E3BC8C0}.Release|Any CPU.Build.0 = Release|Any CPU
	EndGlobalSection
	GlobalSection(SolutionProperties) = preSolution
		HideSolutionNode = FALSE
	EndGlobalSection
	GlobalSection(ExtensibilityGlobals) = postSolution
		SolutionGuid = {AE1EF620-CCF8-4C7F-AB24-9335B7BD02C1}
	EndGlobalSection
EndGlobal
