
Microsoft Visual Studio Solution File, Format Version 12.00
# Visual Studio Version 16
VisualStudioVersion = 16.0.31112.23
MinimumVisualStudioVersion = 10.0.40219.1
Project("{9A19103F-16F7-4668-BE54-9A1E7A4F7556}") = "Skeleton", "Skeleton\Skeleton.csproj", "{8BB3E6D3-17CA-434A-B69D-454233AADF27}"
EndProject
Project("{9A19103F-16F7-4668-BE54-9A1E7A4F7556}") = "Skeleton.Tests", "Skeleton.Tests\Skeleton.Tests.csproj", "{D19387DE-E907-4C3D-918A-0020E44C338D}"
EndProject
Global
	GlobalSection(SolutionConfigurationPlatforms) = preSolution
		Debug|Any CPU = Debug|Any CPU
		Release|Any CPU = Release|Any CPU
	EndGlobalSection
	GlobalSection(ProjectConfigurationPlatforms) = postSolution
		{8BB3E6D3-17CA-434A-B69D-454233AADF27}.Debug|Any CPU.ActiveCfg = Debug|Any CPU
		{8BB3E6D3-17CA-434A-B69D-454233AADF27}.Debug|Any CPU.Build.0 = Debug|Any CPU
		{8BB3E6D3-17CA-434A-B69D-454233AADF27}.Release|Any CPU.ActiveCfg = Release|Any CPU
		{8BB3E6D3-17CA-434A-B69D-454233AADF27}.Release|Any CPU.Build.0 = Release|Any CPU
		{D19387DE-E907-4C3D-918A-0020E44C338D}.Debug|Any CPU.ActiveCfg = Debug|Any CPU
		{D19387DE-E907-4C3D-918A-0020E44C338D}.Debug|Any CPU.Build.0 = Debug|Any CPU
		{D19387DE-E907-4C3D-918A-0020E44C338D}.Release|Any CPU.ActiveCfg = Release|Any CPU
		{D19387DE-E907-4C3D-918A-0020E44C338D}.Release|Any CPU.Build.0 = Release|Any CPU
	EndGlobalSection
	GlobalSection(SolutionProperties) = preSolution
		HideSolutionNode = FALSE
	EndGlobalSection
	GlobalSection(ExtensibilityGlobals) = postSolution
		SolutionGuid = {AC6C24BE-90DB-4ACF-8758-8B0E94DFB421}
	EndGlobalSection
EndGlobal
