
Microsoft Visual Studio Solution File, Format Version 12.00
# Visual Studio Version 16
VisualStudioVersion = 16.0.31019.35
MinimumVisualStudioVersion = 10.0.40219.1
Project("{FAE04EC0-301F-11D3-BF4B-00C04F79EFBC}") = "1.Shapes", "1.Shapes\1.Shapes.csproj", "{CA1B52B9-860C-4AE7-B2A6-60E6879BB52E}"
EndProject
Project("{FAE04EC0-301F-11D3-BF4B-00C04F79EFBC}") = "2.Cars", "2.Cars\2.Cars.csproj", "{7C2935F8-B044-473B-8243-BE01A9EAD30C}"
EndProject
Global
	GlobalSection(SolutionConfigurationPlatforms) = preSolution
		Debug|Any CPU = Debug|Any CPU
		Release|Any CPU = Release|Any CPU
	EndGlobalSection
	GlobalSection(ProjectConfigurationPlatforms) = postSolution
		{CA1B52B9-860C-4AE7-B2A6-60E6879BB52E}.Debug|Any CPU.ActiveCfg = Debug|Any CPU
		{CA1B52B9-860C-4AE7-B2A6-60E6879BB52E}.Debug|Any CPU.Build.0 = Debug|Any CPU
		{CA1B52B9-860C-4AE7-B2A6-60E6879BB52E}.Release|Any CPU.ActiveCfg = Release|Any CPU
		{CA1B52B9-860C-4AE7-B2A6-60E6879BB52E}.Release|Any CPU.Build.0 = Release|Any CPU
		{7C2935F8-B044-473B-8243-BE01A9EAD30C}.Debug|Any CPU.ActiveCfg = Debug|Any CPU
		{7C2935F8-B044-473B-8243-BE01A9EAD30C}.Debug|Any CPU.Build.0 = Debug|Any CPU
		{7C2935F8-B044-473B-8243-BE01A9EAD30C}.Release|Any CPU.ActiveCfg = Release|Any CPU
		{7C2935F8-B044-473B-8243-BE01A9EAD30C}.Release|Any CPU.Build.0 = Release|Any CPU
	EndGlobalSection
	GlobalSection(SolutionProperties) = preSolution
		HideSolutionNode = FALSE
	EndGlobalSection
	GlobalSection(ExtensibilityGlobals) = postSolution
		SolutionGuid = {86F51549-4566-430F-809C-764A18A1F80B}
	EndGlobalSection
EndGlobal
