
Microsoft Visual Studio Solution File, Format Version 12.00
# Visual Studio Version 16
VisualStudioVersion = 16.0.31005.135
MinimumVisualStudioVersion = 10.0.40219.1
Project("{FAE04EC0-301F-11D3-BF4B-00C04F79EFBC}") = "1.RecursiveArraySum", "1.RecursiveArraySum\1.RecursiveArraySum.csproj", "{79E6C977-72F5-4263-9D68-9F88DA8EB486}"
EndProject
Project("{FAE04EC0-301F-11D3-BF4B-00C04F79EFBC}") = "2.RecursiveFactorial", "2.RecursiveFactorial\2.RecursiveFactorial.csproj", "{18E0F57C-2F00-4451-A461-FD5B0A96E969}"
EndProject
Project("{FAE04EC0-301F-11D3-BF4B-00C04F79EFBC}") = "3.SumOfCoins", "3.SumOfCoins\3.SumOfCoins.csproj", "{7388E2D3-B034-40E1-B314-49EBFA528D5F}"
EndProject
Global
	GlobalSection(SolutionConfigurationPlatforms) = preSolution
		Debug|Any CPU = Debug|Any CPU
		Release|Any CPU = Release|Any CPU
	EndGlobalSection
	GlobalSection(ProjectConfigurationPlatforms) = postSolution
		{79E6C977-72F5-4263-9D68-9F88DA8EB486}.Debug|Any CPU.ActiveCfg = Debug|Any CPU
		{79E6C977-72F5-4263-9D68-9F88DA8EB486}.Debug|Any CPU.Build.0 = Debug|Any CPU
		{79E6C977-72F5-4263-9D68-9F88DA8EB486}.Release|Any CPU.ActiveCfg = Release|Any CPU
		{79E6C977-72F5-4263-9D68-9F88DA8EB486}.Release|Any CPU.Build.0 = Release|Any CPU
		{18E0F57C-2F00-4451-A461-FD5B0A96E969}.Debug|Any CPU.ActiveCfg = Debug|Any CPU
		{18E0F57C-2F00-4451-A461-FD5B0A96E969}.Debug|Any CPU.Build.0 = Debug|Any CPU
		{18E0F57C-2F00-4451-A461-FD5B0A96E969}.Release|Any CPU.ActiveCfg = Release|Any CPU
		{18E0F57C-2F00-4451-A461-FD5B0A96E969}.Release|Any CPU.Build.0 = Release|Any CPU
		{7388E2D3-B034-40E1-B314-49EBFA528D5F}.Debug|Any CPU.ActiveCfg = Debug|Any CPU
		{7388E2D3-B034-40E1-B314-49EBFA528D5F}.Debug|Any CPU.Build.0 = Debug|Any CPU
		{7388E2D3-B034-40E1-B314-49EBFA528D5F}.Release|Any CPU.ActiveCfg = Release|Any CPU
		{7388E2D3-B034-40E1-B314-49EBFA528D5F}.Release|Any CPU.Build.0 = Release|Any CPU
	EndGlobalSection
	GlobalSection(SolutionProperties) = preSolution
		HideSolutionNode = FALSE
	EndGlobalSection
	GlobalSection(ExtensibilityGlobals) = postSolution
		SolutionGuid = {E09721BA-F6D5-4F1E-B93A-24500A9737E6}
	EndGlobalSection
EndGlobal
