
Microsoft Visual Studio Solution File, Format Version 12.00
# Visual Studio Version 16
VisualStudioVersion = 16.0.30804.86
MinimumVisualStudioVersion = 10.0.40219.1
Project("{9A19103F-16F7-4668-BE54-9A1E7A4F7556}") = "1.BasicStackOperations", "1.BasicStackOperations\1.BasicStackOperations.csproj", "{B38D077B-7743-4891-ACF4-6098E4C0095B}"
EndProject
Project("{9A19103F-16F7-4668-BE54-9A1E7A4F7556}") = "2.BasicQueueOperations", "2.BasicQueueOperations\2.BasicQueueOperations.csproj", "{5478D4D2-147D-452C-B9E7-55D67C07C041}"
EndProject
Project("{9A19103F-16F7-4668-BE54-9A1E7A4F7556}") = "3.MaximumAndMinimumElement", "3.MaximumAndMinimumElement\3.MaximumAndMinimumElement.csproj", "{733DB01C-DCD6-4A00-ABBA-777E7A040F57}"
EndProject
Project("{9A19103F-16F7-4668-BE54-9A1E7A4F7556}") = "4.FastFood", "4.FastFood\4.FastFood.csproj", "{674A2D90-307A-46E8-A48A-B43ACB91074D}"
EndProject
Project("{9A19103F-16F7-4668-BE54-9A1E7A4F7556}") = "5.FashionBoutique", "5.FashionBoutique\5.FashionBoutique.csproj", "{EBF6F843-E1D7-497D-8A96-FE2FA05005FA}"
EndProject
Project("{9A19103F-16F7-4668-BE54-9A1E7A4F7556}") = "6.SongsQueue", "6.SongsQueue\6.SongsQueue.csproj", "{476595D1-EC60-4AE1-B2F3-46BEBA16451F}"
EndProject
Project("{9A19103F-16F7-4668-BE54-9A1E7A4F7556}") = "7.TruckTour", "7.TruckTour\7.TruckTour.csproj", "{FD53B714-BCED-4008-8674-C768472F2D22}"
EndProject
Project("{9A19103F-16F7-4668-BE54-9A1E7A4F7556}") = "8.BalancedParentheses", "8.BalancedParentheses\8.BalancedParentheses.csproj", "{AD3596C5-FC79-4AC9-8BC0-BE5C468AEDA8}"
EndProject
Project("{FAE04EC0-301F-11D3-BF4B-00C04F79EFBC}") = "9.SimpleTextEditor", "9.SimpleTextEditor\9.SimpleTextEditor.csproj", "{A397795E-88B2-4847-817E-6C8DC31E5DB2}"
EndProject
Project("{FAE04EC0-301F-11D3-BF4B-00C04F79EFBC}") = "10.Crossroads", "10.Crossroads\10.Crossroads.csproj", "{7824FB3C-40B5-4CA7-918B-024B6FEA3071}"
EndProject
Project("{FAE04EC0-301F-11D3-BF4B-00C04F79EFBC}") = "11.KeyRevolver", "11.KeyRevolver\11.KeyRevolver.csproj", "{CE6920A2-5F35-4FD2-9FEC-D4C3254B5A13}"
EndProject
Project("{FAE04EC0-301F-11D3-BF4B-00C04F79EFBC}") = "12.CupsAndBottles", "12.CupsAndBottles\12.CupsAndBottles.csproj", "{E0526D00-38BA-4685-8549-CA0CDB053C6E}"
EndProject
Global
	GlobalSection(SolutionConfigurationPlatforms) = preSolution
		Debug|Any CPU = Debug|Any CPU
		Release|Any CPU = Release|Any CPU
	EndGlobalSection
	GlobalSection(ProjectConfigurationPlatforms) = postSolution
		{B38D077B-7743-4891-ACF4-6098E4C0095B}.Debug|Any CPU.ActiveCfg = Debug|Any CPU
		{B38D077B-7743-4891-ACF4-6098E4C0095B}.Debug|Any CPU.Build.0 = Debug|Any CPU
		{B38D077B-7743-4891-ACF4-6098E4C0095B}.Release|Any CPU.ActiveCfg = Release|Any CPU
		{B38D077B-7743-4891-ACF4-6098E4C0095B}.Release|Any CPU.Build.0 = Release|Any CPU
		{5478D4D2-147D-452C-B9E7-55D67C07C041}.Debug|Any CPU.ActiveCfg = Debug|Any CPU
		{5478D4D2-147D-452C-B9E7-55D67C07C041}.Debug|Any CPU.Build.0 = Debug|Any CPU
		{5478D4D2-147D-452C-B9E7-55D67C07C041}.Release|Any CPU.ActiveCfg = Release|Any CPU
		{5478D4D2-147D-452C-B9E7-55D67C07C041}.Release|Any CPU.Build.0 = Release|Any CPU
		{733DB01C-DCD6-4A00-ABBA-777E7A040F57}.Debug|Any CPU.ActiveCfg = Debug|Any CPU
		{733DB01C-DCD6-4A00-ABBA-777E7A040F57}.Debug|Any CPU.Build.0 = Debug|Any CPU
		{733DB01C-DCD6-4A00-ABBA-777E7A040F57}.Release|Any CPU.ActiveCfg = Release|Any CPU
		{733DB01C-DCD6-4A00-ABBA-777E7A040F57}.Release|Any CPU.Build.0 = Release|Any CPU
		{674A2D90-307A-46E8-A48A-B43ACB91074D}.Debug|Any CPU.ActiveCfg = Debug|Any CPU
		{674A2D90-307A-46E8-A48A-B43ACB91074D}.Debug|Any CPU.Build.0 = Debug|Any CPU
		{674A2D90-307A-46E8-A48A-B43ACB91074D}.Release|Any CPU.ActiveCfg = Release|Any CPU
		{674A2D90-307A-46E8-A48A-B43ACB91074D}.Release|Any CPU.Build.0 = Release|Any CPU
		{EBF6F843-E1D7-497D-8A96-FE2FA05005FA}.Debug|Any CPU.ActiveCfg = Debug|Any CPU
		{EBF6F843-E1D7-497D-8A96-FE2FA05005FA}.Debug|Any CPU.Build.0 = Debug|Any CPU
		{EBF6F843-E1D7-497D-8A96-FE2FA05005FA}.Release|Any CPU.ActiveCfg = Release|Any CPU
		{EBF6F843-E1D7-497D-8A96-FE2FA05005FA}.Release|Any CPU.Build.0 = Release|Any CPU
		{476595D1-EC60-4AE1-B2F3-46BEBA16451F}.Debug|Any CPU.ActiveCfg = Debug|Any CPU
		{476595D1-EC60-4AE1-B2F3-46BEBA16451F}.Debug|Any CPU.Build.0 = Debug|Any CPU
		{476595D1-EC60-4AE1-B2F3-46BEBA16451F}.Release|Any CPU.ActiveCfg = Release|Any CPU
		{476595D1-EC60-4AE1-B2F3-46BEBA16451F}.Release|Any CPU.Build.0 = Release|Any CPU
		{FD53B714-BCED-4008-8674-C768472F2D22}.Debug|Any CPU.ActiveCfg = Debug|Any CPU
		{FD53B714-BCED-4008-8674-C768472F2D22}.Debug|Any CPU.Build.0 = Debug|Any CPU
		{FD53B714-BCED-4008-8674-C768472F2D22}.Release|Any CPU.ActiveCfg = Release|Any CPU
		{FD53B714-BCED-4008-8674-C768472F2D22}.Release|Any CPU.Build.0 = Release|Any CPU
		{AD3596C5-FC79-4AC9-8BC0-BE5C468AEDA8}.Debug|Any CPU.ActiveCfg = Debug|Any CPU
		{AD3596C5-FC79-4AC9-8BC0-BE5C468AEDA8}.Debug|Any CPU.Build.0 = Debug|Any CPU
		{AD3596C5-FC79-4AC9-8BC0-BE5C468AEDA8}.Release|Any CPU.ActiveCfg = Release|Any CPU
		{AD3596C5-FC79-4AC9-8BC0-BE5C468AEDA8}.Release|Any CPU.Build.0 = Release|Any CPU
		{A397795E-88B2-4847-817E-6C8DC31E5DB2}.Debug|Any CPU.ActiveCfg = Debug|Any CPU
		{A397795E-88B2-4847-817E-6C8DC31E5DB2}.Debug|Any CPU.Build.0 = Debug|Any CPU
		{A397795E-88B2-4847-817E-6C8DC31E5DB2}.Release|Any CPU.ActiveCfg = Release|Any CPU
		{A397795E-88B2-4847-817E-6C8DC31E5DB2}.Release|Any CPU.Build.0 = Release|Any CPU
		{7824FB3C-40B5-4CA7-918B-024B6FEA3071}.Debug|Any CPU.ActiveCfg = Debug|Any CPU
		{7824FB3C-40B5-4CA7-918B-024B6FEA3071}.Debug|Any CPU.Build.0 = Debug|Any CPU
		{7824FB3C-40B5-4CA7-918B-024B6FEA3071}.Release|Any CPU.ActiveCfg = Release|Any CPU
		{7824FB3C-40B5-4CA7-918B-024B6FEA3071}.Release|Any CPU.Build.0 = Release|Any CPU
		{CE6920A2-5F35-4FD2-9FEC-D4C3254B5A13}.Debug|Any CPU.ActiveCfg = Debug|Any CPU
		{CE6920A2-5F35-4FD2-9FEC-D4C3254B5A13}.Debug|Any CPU.Build.0 = Debug|Any CPU
		{CE6920A2-5F35-4FD2-9FEC-D4C3254B5A13}.Release|Any CPU.ActiveCfg = Release|Any CPU
		{CE6920A2-5F35-4FD2-9FEC-D4C3254B5A13}.Release|Any CPU.Build.0 = Release|Any CPU
		{E0526D00-38BA-4685-8549-CA0CDB053C6E}.Debug|Any CPU.ActiveCfg = Debug|Any CPU
		{E0526D00-38BA-4685-8549-CA0CDB053C6E}.Debug|Any CPU.Build.0 = Debug|Any CPU
		{E0526D00-38BA-4685-8549-CA0CDB053C6E}.Release|Any CPU.ActiveCfg = Release|Any CPU
		{E0526D00-38BA-4685-8549-CA0CDB053C6E}.Release|Any CPU.Build.0 = Release|Any CPU
	EndGlobalSection
	GlobalSection(SolutionProperties) = preSolution
		HideSolutionNode = FALSE
	EndGlobalSection
	GlobalSection(ExtensibilityGlobals) = postSolution
		SolutionGuid = {77E73288-3E3F-4A11-AF53-2A958B4D1015}
	EndGlobalSection
EndGlobal
