
Microsoft Visual Studio Solution File, Format Version 12.00
# Visual Studio Version 16
VisualStudioVersion = 16.0.30711.63
MinimumVisualStudioVersion = 10.0.40219.1
Project("{9A19103F-16F7-4668-BE54-9A1E7A4F7556}") = "1.Ranking", "1.Ranking\1.Ranking.csproj", "{865A6B96-24C7-4C3C-9A89-90B61B6E8C62}"
EndProject
Project("{9A19103F-16F7-4668-BE54-9A1E7A4F7556}") = "2.Judge", "2.Judge\2.Judge.csproj", "{E114C234-B861-4B38-A4B2-37EE5FF1FA80}"
EndProject
Project("{9A19103F-16F7-4668-BE54-9A1E7A4F7556}") = "3.MOBAChallenger", "3.MOBAChallenger\3.MOBAChallenger.csproj", "{AD591B53-5679-4C2D-8A5D-AD42885359C2}"
EndProject
Project("{9A19103F-16F7-4668-BE54-9A1E7A4F7556}") = "4.Snowwhite", "4.Snowwhite\4.Snowwhite.csproj", "{2618B7A1-B41E-45F4-BF35-42B26E53765F}"
EndProject
Project("{FAE04EC0-301F-11D3-BF4B-00C04F79EFBC}") = "5.DragonArmy", "5.DragonArmy\5.DragonArmy.csproj", "{D2D6ADD7-F91F-4CE9-9A99-BD074623143E}"
EndProject
Global
	GlobalSection(SolutionConfigurationPlatforms) = preSolution
		Debug|Any CPU = Debug|Any CPU
		Release|Any CPU = Release|Any CPU
	EndGlobalSection
	GlobalSection(ProjectConfigurationPlatforms) = postSolution
		{865A6B96-24C7-4C3C-9A89-90B61B6E8C62}.Debug|Any CPU.ActiveCfg = Debug|Any CPU
		{865A6B96-24C7-4C3C-9A89-90B61B6E8C62}.Debug|Any CPU.Build.0 = Debug|Any CPU
		{865A6B96-24C7-4C3C-9A89-90B61B6E8C62}.Release|Any CPU.ActiveCfg = Release|Any CPU
		{865A6B96-24C7-4C3C-9A89-90B61B6E8C62}.Release|Any CPU.Build.0 = Release|Any CPU
		{E114C234-B861-4B38-A4B2-37EE5FF1FA80}.Debug|Any CPU.ActiveCfg = Debug|Any CPU
		{E114C234-B861-4B38-A4B2-37EE5FF1FA80}.Debug|Any CPU.Build.0 = Debug|Any CPU
		{E114C234-B861-4B38-A4B2-37EE5FF1FA80}.Release|Any CPU.ActiveCfg = Release|Any CPU
		{E114C234-B861-4B38-A4B2-37EE5FF1FA80}.Release|Any CPU.Build.0 = Release|Any CPU
		{AD591B53-5679-4C2D-8A5D-AD42885359C2}.Debug|Any CPU.ActiveCfg = Debug|Any CPU
		{AD591B53-5679-4C2D-8A5D-AD42885359C2}.Debug|Any CPU.Build.0 = Debug|Any CPU
		{AD591B53-5679-4C2D-8A5D-AD42885359C2}.Release|Any CPU.ActiveCfg = Release|Any CPU
		{AD591B53-5679-4C2D-8A5D-AD42885359C2}.Release|Any CPU.Build.0 = Release|Any CPU
		{2618B7A1-B41E-45F4-BF35-42B26E53765F}.Debug|Any CPU.ActiveCfg = Debug|Any CPU
		{2618B7A1-B41E-45F4-BF35-42B26E53765F}.Debug|Any CPU.Build.0 = Debug|Any CPU
		{2618B7A1-B41E-45F4-BF35-42B26E53765F}.Release|Any CPU.ActiveCfg = Release|Any CPU
		{2618B7A1-B41E-45F4-BF35-42B26E53765F}.Release|Any CPU.Build.0 = Release|Any CPU
		{D2D6ADD7-F91F-4CE9-9A99-BD074623143E}.Debug|Any CPU.ActiveCfg = Debug|Any CPU
		{D2D6ADD7-F91F-4CE9-9A99-BD074623143E}.Debug|Any CPU.Build.0 = Debug|Any CPU
		{D2D6ADD7-F91F-4CE9-9A99-BD074623143E}.Release|Any CPU.ActiveCfg = Release|Any CPU
		{D2D6ADD7-F91F-4CE9-9A99-BD074623143E}.Release|Any CPU.Build.0 = Release|Any CPU
	EndGlobalSection
	GlobalSection(SolutionProperties) = preSolution
		HideSolutionNode = FALSE
	EndGlobalSection
	GlobalSection(ExtensibilityGlobals) = postSolution
		SolutionGuid = {BBE1FDF8-089F-4521-A9C5-C30BF69BA872}
	EndGlobalSection
EndGlobal
