
Microsoft Visual Studio Solution File, Format Version 12.00
# Visual Studio 15
VisualStudioVersion = 15.0.26430.6
MinimumVisualStudioVersion = 10.0.40219.1
Project("{FAE04EC0-301F-11D3-BF4B-00C04F79EFBC}") = "01_Blocks", "01_Blocks\01_Blocks.csproj", "{2561100D-70BE-4575-87C3-46A75C477724}"
EndProject
Project("{FAE04EC0-301F-11D3-BF4B-00C04F79EFBC}") = "02_ZigZagMatrix", "02_ZigZagMatrix\02_ZigZagMatrix.csproj", "{942CD4D9-6E19-4D50-AE25-C0A79AE23392}"
EndProject
Global
	GlobalSection(SolutionConfigurationPlatforms) = preSolution
		Debug|Any CPU = Debug|Any CPU
		Release|Any CPU = Release|Any CPU
	EndGlobalSection
	GlobalSection(ProjectConfigurationPlatforms) = postSolution
		{2561100D-70BE-4575-87C3-46A75C477724}.Debug|Any CPU.ActiveCfg = Debug|Any CPU
		{2561100D-70BE-4575-87C3-46A75C477724}.Debug|Any CPU.Build.0 = Debug|Any CPU
		{2561100D-70BE-4575-87C3-46A75C477724}.Release|Any CPU.ActiveCfg = Release|Any CPU
		{2561100D-70BE-4575-87C3-46A75C477724}.Release|Any CPU.Build.0 = Release|Any CPU
		{942CD4D9-6E19-4D50-AE25-C0A79AE23392}.Debug|Any CPU.ActiveCfg = Debug|Any CPU
		{942CD4D9-6E19-4D50-AE25-C0A79AE23392}.Debug|Any CPU.Build.0 = Debug|Any CPU
		{942CD4D9-6E19-4D50-AE25-C0A79AE23392}.Release|Any CPU.ActiveCfg = Release|Any CPU
		{942CD4D9-6E19-4D50-AE25-C0A79AE23392}.Release|Any CPU.Build.0 = Release|Any CPU
	EndGlobalSection
	GlobalSection(SolutionProperties) = preSolution
		HideSolutionNode = FALSE
	EndGlobalSection
EndGlobal
