
Microsoft Visual Studio Solution File, Format Version 12.00
# Visual Studio Version 16
VisualStudioVersion = 16.0.30717.126
MinimumVisualStudioVersion = 10.0.40219.1
Project("{FAE04EC0-301F-11D3-BF4B-00C04F79EFBC}") = "1.WorldTour", "1.WorldTour\1.WorldTour.csproj", "{FEDE4371-362C-434D-8BA3-7165096CD09D}"
EndProject
Project("{FAE04EC0-301F-11D3-BF4B-00C04F79EFBC}") = "2.DestinationMapper", "2.DestinationMapper\2.DestinationMapper.csproj", "{2F7F9119-9138-46C6-99CA-8E5B840FDCD3}"
EndProject
Global
	GlobalSection(SolutionConfigurationPlatforms) = preSolution
		Debug|Any CPU = Debug|Any CPU
		Release|Any CPU = Release|Any CPU
	EndGlobalSection
	GlobalSection(ProjectConfigurationPlatforms) = postSolution
		{FEDE4371-362C-434D-8BA3-7165096CD09D}.Debug|Any CPU.ActiveCfg = Debug|Any CPU
		{FEDE4371-362C-434D-8BA3-7165096CD09D}.Debug|Any CPU.Build.0 = Debug|Any CPU
		{FEDE4371-362C-434D-8BA3-7165096CD09D}.Release|Any CPU.ActiveCfg = Release|Any CPU
		{FEDE4371-362C-434D-8BA3-7165096CD09D}.Release|Any CPU.Build.0 = Release|Any CPU
		{2F7F9119-9138-46C6-99CA-8E5B840FDCD3}.Debug|Any CPU.ActiveCfg = Debug|Any CPU
		{2F7F9119-9138-46C6-99CA-8E5B840FDCD3}.Debug|Any CPU.Build.0 = Debug|Any CPU
		{2F7F9119-9138-46C6-99CA-8E5B840FDCD3}.Release|Any CPU.ActiveCfg = Release|Any CPU
		{2F7F9119-9138-46C6-99CA-8E5B840FDCD3}.Release|Any CPU.Build.0 = Release|Any CPU
	EndGlobalSection
	GlobalSection(SolutionProperties) = preSolution
		HideSolutionNode = FALSE
	EndGlobalSection
	GlobalSection(ExtensibilityGlobals) = postSolution
		SolutionGuid = {649DB3B2-6DA0-4338-8409-8F842FFE9602}
	EndGlobalSection
EndGlobal
