
Microsoft Visual Studio Solution File, Format Version 12.00
# Visual Studio Version 16
VisualStudioVersion = 16.0.31005.135
MinimumVisualStudioVersion = 10.0.40219.1
Project("{FAE04EC0-301F-11D3-BF4B-00C04F79EFBC}") = "1.Lootbox", "1.Lootbox\1.Lootbox.csproj", "{99C03405-2654-4C8B-AEB1-9D0E0481BA6B}"
EndProject
Project("{FAE04EC0-301F-11D3-BF4B-00C04F79EFBC}") = "2.Re-Volt", "2.Re-Volt\2.Re-Volt.csproj", "{98090AF4-DE9A-42AE-BE4E-7BFBACF59C89}"
EndProject
Project("{9A19103F-16F7-4668-BE54-9A1E7A4F7556}") = "Guild", "Guild\Guild.csproj", "{D5ECE898-072C-4857-A256-C936D785927F}"
EndProject
Global
	GlobalSection(SolutionConfigurationPlatforms) = preSolution
		Debug|Any CPU = Debug|Any CPU
		Release|Any CPU = Release|Any CPU
	EndGlobalSection
	GlobalSection(ProjectConfigurationPlatforms) = postSolution
		{99C03405-2654-4C8B-AEB1-9D0E0481BA6B}.Debug|Any CPU.ActiveCfg = Debug|Any CPU
		{99C03405-2654-4C8B-AEB1-9D0E0481BA6B}.Debug|Any CPU.Build.0 = Debug|Any CPU
		{99C03405-2654-4C8B-AEB1-9D0E0481BA6B}.Release|Any CPU.ActiveCfg = Release|Any CPU
		{99C03405-2654-4C8B-AEB1-9D0E0481BA6B}.Release|Any CPU.Build.0 = Release|Any CPU
		{98090AF4-DE9A-42AE-BE4E-7BFBACF59C89}.Debug|Any CPU.ActiveCfg = Debug|Any CPU
		{98090AF4-DE9A-42AE-BE4E-7BFBACF59C89}.Debug|Any CPU.Build.0 = Debug|Any CPU
		{98090AF4-DE9A-42AE-BE4E-7BFBACF59C89}.Release|Any CPU.ActiveCfg = Release|Any CPU
		{98090AF4-DE9A-42AE-BE4E-7BFBACF59C89}.Release|Any CPU.Build.0 = Release|Any CPU
		{D5ECE898-072C-4857-A256-C936D785927F}.Debug|Any CPU.ActiveCfg = Debug|Any CPU
		{D5ECE898-072C-4857-A256-C936D785927F}.Debug|Any CPU.Build.0 = Debug|Any CPU
		{D5ECE898-072C-4857-A256-C936D785927F}.Release|Any CPU.ActiveCfg = Release|Any CPU
		{D5ECE898-072C-4857-A256-C936D785927F}.Release|Any CPU.Build.0 = Release|Any CPU
	EndGlobalSection
	GlobalSection(SolutionProperties) = preSolution
		HideSolutionNode = FALSE
	EndGlobalSection
	GlobalSection(ExtensibilityGlobals) = postSolution
		SolutionGuid = {A63FAB32-8CA0-4C64-BADE-D2C29BAFA6F2}
	EndGlobalSection
EndGlobal
