
Microsoft Visual Studio Solution File, Format Version 12.00
# Visual Studio Version 16
VisualStudioVersion = 16.0.30523.141
MinimumVisualStudioVersion = 10.0.40219.1
Project("{FAE04EC0-301F-11D3-BF4B-00C04F79EFBC}") = "1.DataTypes", "1.DataTypes\1.DataTypes.csproj", "{8B005621-8A2C-4D5A-8A9B-5EAFD7A4EC0C}"
EndProject
Project("{FAE04EC0-301F-11D3-BF4B-00C04F79EFBC}") = "2.CenterPoint", "2.CenterPoint\2.CenterPoint.csproj", "{D1DB786D-D735-4703-B2AD-00264B17FD07}"
EndProject
Project("{FAE04EC0-301F-11D3-BF4B-00C04F79EFBC}") = "3.LongerLine", "3.LongerLine\3.LongerLine.csproj", "{CCE9027F-64E9-4D04-B07A-AC482248C3C8}"
EndProject
Project("{FAE04EC0-301F-11D3-BF4B-00C04F79EFBC}") = "4.TribonacciSequence", "4.TribonacciSequence\4.TribonacciSequence.csproj", "{D016DA17-02CF-4219-8C3B-B721A35C6FD0}"
EndProject
Project("{FAE04EC0-301F-11D3-BF4B-00C04F79EFBC}") = "5.MultiplicationSign", "5.MultiplicationSign\5.MultiplicationSign.csproj", "{1732BA96-D075-42C0-BABF-CC8B59438465}"
EndProject
Global
	GlobalSection(SolutionConfigurationPlatforms) = preSolution
		Debug|Any CPU = Debug|Any CPU
		Release|Any CPU = Release|Any CPU
	EndGlobalSection
	GlobalSection(ProjectConfigurationPlatforms) = postSolution
		{8B005621-8A2C-4D5A-8A9B-5EAFD7A4EC0C}.Debug|Any CPU.ActiveCfg = Debug|Any CPU
		{8B005621-8A2C-4D5A-8A9B-5EAFD7A4EC0C}.Debug|Any CPU.Build.0 = Debug|Any CPU
		{8B005621-8A2C-4D5A-8A9B-5EAFD7A4EC0C}.Release|Any CPU.ActiveCfg = Release|Any CPU
		{8B005621-8A2C-4D5A-8A9B-5EAFD7A4EC0C}.Release|Any CPU.Build.0 = Release|Any CPU
		{D1DB786D-D735-4703-B2AD-00264B17FD07}.Debug|Any CPU.ActiveCfg = Debug|Any CPU
		{D1DB786D-D735-4703-B2AD-00264B17FD07}.Debug|Any CPU.Build.0 = Debug|Any CPU
		{D1DB786D-D735-4703-B2AD-00264B17FD07}.Release|Any CPU.ActiveCfg = Release|Any CPU
		{D1DB786D-D735-4703-B2AD-00264B17FD07}.Release|Any CPU.Build.0 = Release|Any CPU
		{CCE9027F-64E9-4D04-B07A-AC482248C3C8}.Debug|Any CPU.ActiveCfg = Debug|Any CPU
		{CCE9027F-64E9-4D04-B07A-AC482248C3C8}.Debug|Any CPU.Build.0 = Debug|Any CPU
		{CCE9027F-64E9-4D04-B07A-AC482248C3C8}.Release|Any CPU.ActiveCfg = Release|Any CPU
		{CCE9027F-64E9-4D04-B07A-AC482248C3C8}.Release|Any CPU.Build.0 = Release|Any CPU
		{D016DA17-02CF-4219-8C3B-B721A35C6FD0}.Debug|Any CPU.ActiveCfg = Debug|Any CPU
		{D016DA17-02CF-4219-8C3B-B721A35C6FD0}.Debug|Any CPU.Build.0 = Debug|Any CPU
		{D016DA17-02CF-4219-8C3B-B721A35C6FD0}.Release|Any CPU.ActiveCfg = Release|Any CPU
		{D016DA17-02CF-4219-8C3B-B721A35C6FD0}.Release|Any CPU.Build.0 = Release|Any CPU
		{1732BA96-D075-42C0-BABF-CC8B59438465}.Debug|Any CPU.ActiveCfg = Debug|Any CPU
		{1732BA96-D075-42C0-BABF-CC8B59438465}.Debug|Any CPU.Build.0 = Debug|Any CPU
		{1732BA96-D075-42C0-BABF-CC8B59438465}.Release|Any CPU.ActiveCfg = Release|Any CPU
		{1732BA96-D075-42C0-BABF-CC8B59438465}.Release|Any CPU.Build.0 = Release|Any CPU
	EndGlobalSection
	GlobalSection(SolutionProperties) = preSolution
		HideSolutionNode = FALSE
	EndGlobalSection
	GlobalSection(ExtensibilityGlobals) = postSolution
		SolutionGuid = {EAFB625C-4B5E-49C6-9561-C782A8B2AFAA}
	EndGlobalSection
EndGlobal
