
Microsoft Visual Studio Solution File, Format Version 12.00
# Visual Studio Version 16
VisualStudioVersion = 16.0.30717.126
MinimumVisualStudioVersion = 10.0.40219.1
Project("{FAE04EC0-301F-11D3-BF4B-00C04F79EFBC}") = "1.PasswordReset", "1.PasswordReset\1.PasswordReset.csproj", "{0032ACEE-2554-4F08-8C88-03A595155CE7}"
EndProject
Project("{FAE04EC0-301F-11D3-BF4B-00C04F79EFBC}") = "2.FancyBarcodes", "2.FancyBarcodes\2.FancyBarcodes.csproj", "{D385B2EB-7F32-45BE-A236-FCB5C2ACF3A3}"
EndProject
Project("{FAE04EC0-301F-11D3-BF4B-00C04F79EFBC}") = "3.HeroesOfCodeAndLogicVII", "3.HeroesOfCodeAndLogicVII\3.HeroesOfCodeAndLogicVII.csproj", "{ECF6A2B2-BE34-43CB-BBE2-AB2E6C35EC36}"
EndProject
Global
	GlobalSection(SolutionConfigurationPlatforms) = preSolution
		Debug|Any CPU = Debug|Any CPU
		Release|Any CPU = Release|Any CPU
	EndGlobalSection
	GlobalSection(ProjectConfigurationPlatforms) = postSolution
		{0032ACEE-2554-4F08-8C88-03A595155CE7}.Debug|Any CPU.ActiveCfg = Debug|Any CPU
		{0032ACEE-2554-4F08-8C88-03A595155CE7}.Debug|Any CPU.Build.0 = Debug|Any CPU
		{0032ACEE-2554-4F08-8C88-03A595155CE7}.Release|Any CPU.ActiveCfg = Release|Any CPU
		{0032ACEE-2554-4F08-8C88-03A595155CE7}.Release|Any CPU.Build.0 = Release|Any CPU
		{D385B2EB-7F32-45BE-A236-FCB5C2ACF3A3}.Debug|Any CPU.ActiveCfg = Debug|Any CPU
		{D385B2EB-7F32-45BE-A236-FCB5C2ACF3A3}.Debug|Any CPU.Build.0 = Debug|Any CPU
		{D385B2EB-7F32-45BE-A236-FCB5C2ACF3A3}.Release|Any CPU.ActiveCfg = Release|Any CPU
		{D385B2EB-7F32-45BE-A236-FCB5C2ACF3A3}.Release|Any CPU.Build.0 = Release|Any CPU
		{ECF6A2B2-BE34-43CB-BBE2-AB2E6C35EC36}.Debug|Any CPU.ActiveCfg = Debug|Any CPU
		{ECF6A2B2-BE34-43CB-BBE2-AB2E6C35EC36}.Debug|Any CPU.Build.0 = Debug|Any CPU
		{ECF6A2B2-BE34-43CB-BBE2-AB2E6C35EC36}.Release|Any CPU.ActiveCfg = Release|Any CPU
		{ECF6A2B2-BE34-43CB-BBE2-AB2E6C35EC36}.Release|Any CPU.Build.0 = Release|Any CPU
	EndGlobalSection
	GlobalSection(SolutionProperties) = preSolution
		HideSolutionNode = FALSE
	EndGlobalSection
	GlobalSection(ExtensibilityGlobals) = postSolution
		SolutionGuid = {311D552F-4712-496E-9041-8F5729D61899}
	EndGlobalSection
EndGlobal
