
Microsoft Visual Studio Solution File, Format Version 12.00
# Visual Studio Version 16
VisualStudioVersion = 16.0.30517.126
MinimumVisualStudioVersion = 10.0.40219.1
Project("{9A19103F-16F7-4668-BE54-9A1E7A4F7556}") = "1.EncryptSortAndPrintArray", "1.EncryptSortAndPrintArray\1.EncryptSortAndPrintArray.csproj", "{726E7155-99D1-4AD7-A245-7C2D2DC2FFC0}"
EndProject
Project("{9A19103F-16F7-4668-BE54-9A1E7A4F7556}") = "2.PascalTriangle", "2.PascalTriangle\2.PascalTriangle.csproj", "{0E04905F-99C3-4B8C-BB42-8961E08D0C6A}"
EndProject
Project("{9A19103F-16F7-4668-BE54-9A1E7A4F7556}") = "3.RecursiveFibonacci", "3.RecursiveFibonacci\3.RecursiveFibonacci.csproj", "{6A1A1E70-CCA2-4B46-B117-7001A1C8AAE7}"
EndProject
Project("{FAE04EC0-301F-11D3-BF4B-00C04F79EFBC}") = "4.FoldAndSum", "4.FoldAndSum\4.FoldAndSum.csproj", "{0342996F-39C1-4901-98C1-33AB3E699D1A}"
EndProject
Project("{FAE04EC0-301F-11D3-BF4B-00C04F79EFBC}") = "5.LongestIncreasingSubsequence", "5.LongestIncreasingSubsequence\5.LongestIncreasingSubsequence.csproj", "{C200EA80-3FF7-4C60-B6B0-0A0312A89225}"
EndProject
Global
	GlobalSection(SolutionConfigurationPlatforms) = preSolution
		Debug|Any CPU = Debug|Any CPU
		Release|Any CPU = Release|Any CPU
	EndGlobalSection
	GlobalSection(ProjectConfigurationPlatforms) = postSolution
		{726E7155-99D1-4AD7-A245-7C2D2DC2FFC0}.Debug|Any CPU.ActiveCfg = Debug|Any CPU
		{726E7155-99D1-4AD7-A245-7C2D2DC2FFC0}.Debug|Any CPU.Build.0 = Debug|Any CPU
		{726E7155-99D1-4AD7-A245-7C2D2DC2FFC0}.Release|Any CPU.ActiveCfg = Release|Any CPU
		{726E7155-99D1-4AD7-A245-7C2D2DC2FFC0}.Release|Any CPU.Build.0 = Release|Any CPU
		{0E04905F-99C3-4B8C-BB42-8961E08D0C6A}.Debug|Any CPU.ActiveCfg = Debug|Any CPU
		{0E04905F-99C3-4B8C-BB42-8961E08D0C6A}.Debug|Any CPU.Build.0 = Debug|Any CPU
		{0E04905F-99C3-4B8C-BB42-8961E08D0C6A}.Release|Any CPU.ActiveCfg = Release|Any CPU
		{0E04905F-99C3-4B8C-BB42-8961E08D0C6A}.Release|Any CPU.Build.0 = Release|Any CPU
		{6A1A1E70-CCA2-4B46-B117-7001A1C8AAE7}.Debug|Any CPU.ActiveCfg = Debug|Any CPU
		{6A1A1E70-CCA2-4B46-B117-7001A1C8AAE7}.Debug|Any CPU.Build.0 = Debug|Any CPU
		{6A1A1E70-CCA2-4B46-B117-7001A1C8AAE7}.Release|Any CPU.ActiveCfg = Release|Any CPU
		{6A1A1E70-CCA2-4B46-B117-7001A1C8AAE7}.Release|Any CPU.Build.0 = Release|Any CPU
		{0342996F-39C1-4901-98C1-33AB3E699D1A}.Debug|Any CPU.ActiveCfg = Debug|Any CPU
		{0342996F-39C1-4901-98C1-33AB3E699D1A}.Debug|Any CPU.Build.0 = Debug|Any CPU
		{0342996F-39C1-4901-98C1-33AB3E699D1A}.Release|Any CPU.ActiveCfg = Release|Any CPU
		{0342996F-39C1-4901-98C1-33AB3E699D1A}.Release|Any CPU.Build.0 = Release|Any CPU
		{C200EA80-3FF7-4C60-B6B0-0A0312A89225}.Debug|Any CPU.ActiveCfg = Debug|Any CPU
		{C200EA80-3FF7-4C60-B6B0-0A0312A89225}.Debug|Any CPU.Build.0 = Debug|Any CPU
		{C200EA80-3FF7-4C60-B6B0-0A0312A89225}.Release|Any CPU.ActiveCfg = Release|Any CPU
		{C200EA80-3FF7-4C60-B6B0-0A0312A89225}.Release|Any CPU.Build.0 = Release|Any CPU
	EndGlobalSection
	GlobalSection(SolutionProperties) = preSolution
		HideSolutionNode = FALSE
	EndGlobalSection
	GlobalSection(ExtensibilityGlobals) = postSolution
		SolutionGuid = {FCFE82E2-C2F7-4468-AF78-0D97C6762556}
	EndGlobalSection
EndGlobal
