
Microsoft Visual Studio Solution File, Format Version 12.00
# Visual Studio 15
VisualStudioVersion = 15.0.26430.6
MinimumVisualStudioVersion = 10.0.40219.1
Project("{FAE04EC0-301F-11D3-BF4B-00C04F79EFBC}") = "01_Shelter", "01_Shelter\01_Shelter.csproj", "{DF4960A5-0991-4865-AE0F-36A294642518}"
EndProject
Project("{FAE04EC0-301F-11D3-BF4B-00C04F79EFBC}") = "02_FastAndFurious", "02_FastAndFurious\02_FastAndFurious.csproj", "{2D09BC10-23CF-4CA7-8079-27F429A5A4EA}"
EndProject
Project("{FAE04EC0-301F-11D3-BF4B-00C04F79EFBC}") = "03_Renwal", "03_Renwal\03_Renwal.csproj", "{F7E54695-2803-4BD2-8817-092B8F59BDBC}"
EndProject
Global
	GlobalSection(SolutionConfigurationPlatforms) = preSolution
		Debug|Any CPU = Debug|Any CPU
		Release|Any CPU = Release|Any CPU
	EndGlobalSection
	GlobalSection(ProjectConfigurationPlatforms) = postSolution
		{DF4960A5-0991-4865-AE0F-36A294642518}.Debug|Any CPU.ActiveCfg = Debug|Any CPU
		{DF4960A5-0991-4865-AE0F-36A294642518}.Debug|Any CPU.Build.0 = Debug|Any CPU
		{DF4960A5-0991-4865-AE0F-36A294642518}.Release|Any CPU.ActiveCfg = Release|Any CPU
		{DF4960A5-0991-4865-AE0F-36A294642518}.Release|Any CPU.Build.0 = Release|Any CPU
		{2D09BC10-23CF-4CA7-8079-27F429A5A4EA}.Debug|Any CPU.ActiveCfg = Debug|Any CPU
		{2D09BC10-23CF-4CA7-8079-27F429A5A4EA}.Debug|Any CPU.Build.0 = Debug|Any CPU
		{2D09BC10-23CF-4CA7-8079-27F429A5A4EA}.Release|Any CPU.ActiveCfg = Release|Any CPU
		{2D09BC10-23CF-4CA7-8079-27F429A5A4EA}.Release|Any CPU.Build.0 = Release|Any CPU
		{F7E54695-2803-4BD2-8817-092B8F59BDBC}.Debug|Any CPU.ActiveCfg = Debug|Any CPU
		{F7E54695-2803-4BD2-8817-092B8F59BDBC}.Debug|Any CPU.Build.0 = Debug|Any CPU
		{F7E54695-2803-4BD2-8817-092B8F59BDBC}.Release|Any CPU.ActiveCfg = Release|Any CPU
		{F7E54695-2803-4BD2-8817-092B8F59BDBC}.Release|Any CPU.Build.0 = Release|Any CPU
	EndGlobalSection
	GlobalSection(SolutionProperties) = preSolution
		HideSolutionNode = FALSE
	EndGlobalSection
EndGlobal
