
Microsoft Visual Studio Solution File, Format Version 12.00
# Visual Studio Version 16
VisualStudioVersion = 16.0.31005.135
MinimumVisualStudioVersion = 10.0.40219.1
Project("{9A19103F-16F7-4668-BE54-9A1E7A4F7556}") = "1.SingleInheritance", "1.SingleInheritance\1.SingleInheritance.csproj", "{6510E181-92C3-430E-B4FF-9FD5937BB626}"
EndProject
Project("{FAE04EC0-301F-11D3-BF4B-00C04F79EFBC}") = "2.MultipleInheritance", "2.MultipleInheritance\2.MultipleInheritance.csproj", "{FFB77C70-BDCB-46D2-A021-064934265D31}"
EndProject
Project("{FAE04EC0-301F-11D3-BF4B-00C04F79EFBC}") = "3.HierarchicalInheritance", "3.HierarchicalInheritance\3.HierarchicalInheritance.csproj", "{32FBF59A-EDA2-4E60-9099-993EB385A374}"
EndProject
Project("{FAE04EC0-301F-11D3-BF4B-00C04F79EFBC}") = "4.RandomList", "4.RandomList\4.RandomList.csproj", "{F61CFBC7-D7EE-4167-A591-A76D428CE5C0}"
EndProject
Project("{FAE04EC0-301F-11D3-BF4B-00C04F79EFBC}") = "5.StackOfStrings", "5.StackOfStrings\5.StackOfStrings.csproj", "{DD5B8872-1DA6-4D1A-8B33-75610422AECC}"
EndProject
Global
	GlobalSection(SolutionConfigurationPlatforms) = preSolution
		Debug|Any CPU = Debug|Any CPU
		Debug|x64 = Debug|x64
		Debug|x86 = Debug|x86
		Release|Any CPU = Release|Any CPU
		Release|x64 = Release|x64
		Release|x86 = Release|x86
	EndGlobalSection
	GlobalSection(ProjectConfigurationPlatforms) = postSolution
		{6510E181-92C3-430E-B4FF-9FD5937BB626}.Debug|Any CPU.ActiveCfg = Debug|Any CPU
		{6510E181-92C3-430E-B4FF-9FD5937BB626}.Debug|Any CPU.Build.0 = Debug|Any CPU
		{6510E181-92C3-430E-B4FF-9FD5937BB626}.Debug|x64.ActiveCfg = Debug|Any CPU
		{6510E181-92C3-430E-B4FF-9FD5937BB626}.Debug|x64.Build.0 = Debug|Any CPU
		{6510E181-92C3-430E-B4FF-9FD5937BB626}.Debug|x86.ActiveCfg = Debug|Any CPU
		{6510E181-92C3-430E-B4FF-9FD5937BB626}.Debug|x86.Build.0 = Debug|Any CPU
		{6510E181-92C3-430E-B4FF-9FD5937BB626}.Release|Any CPU.ActiveCfg = Release|Any CPU
		{6510E181-92C3-430E-B4FF-9FD5937BB626}.Release|Any CPU.Build.0 = Release|Any CPU
		{6510E181-92C3-430E-B4FF-9FD5937BB626}.Release|x64.ActiveCfg = Release|Any CPU
		{6510E181-92C3-430E-B4FF-9FD5937BB626}.Release|x64.Build.0 = Release|Any CPU
		{6510E181-92C3-430E-B4FF-9FD5937BB626}.Release|x86.ActiveCfg = Release|Any CPU
		{6510E181-92C3-430E-B4FF-9FD5937BB626}.Release|x86.Build.0 = Release|Any CPU
		{FFB77C70-BDCB-46D2-A021-064934265D31}.Debug|Any CPU.ActiveCfg = Debug|Any CPU
		{FFB77C70-BDCB-46D2-A021-064934265D31}.Debug|Any CPU.Build.0 = Debug|Any CPU
		{FFB77C70-BDCB-46D2-A021-064934265D31}.Debug|x64.ActiveCfg = Debug|Any CPU
		{FFB77C70-BDCB-46D2-A021-064934265D31}.Debug|x64.Build.0 = Debug|Any CPU
		{FFB77C70-BDCB-46D2-A021-064934265D31}.Debug|x86.ActiveCfg = Debug|Any CPU
		{FFB77C70-BDCB-46D2-A021-064934265D31}.Debug|x86.Build.0 = Debug|Any CPU
		{FFB77C70-BDCB-46D2-A021-064934265D31}.Release|Any CPU.ActiveCfg = Release|Any CPU
		{FFB77C70-BDCB-46D2-A021-064934265D31}.Release|Any CPU.Build.0 = Release|Any CPU
		{FFB77C70-BDCB-46D2-A021-064934265D31}.Release|x64.ActiveCfg = Release|Any CPU
		{FFB77C70-BDCB-46D2-A021-064934265D31}.Release|x64.Build.0 = Release|Any CPU
		{FFB77C70-BDCB-46D2-A021-064934265D31}.Release|x86.ActiveCfg = Release|Any CPU
		{FFB77C70-BDCB-46D2-A021-064934265D31}.Release|x86.Build.0 = Release|Any CPU
		{32FBF59A-EDA2-4E60-9099-993EB385A374}.Debug|Any CPU.ActiveCfg = Debug|Any CPU
		{32FBF59A-EDA2-4E60-9099-993EB385A374}.Debug|Any CPU.Build.0 = Debug|Any CPU
		{32FBF59A-EDA2-4E60-9099-993EB385A374}.Debug|x64.ActiveCfg = Debug|Any CPU
		{32FBF59A-EDA2-4E60-9099-993EB385A374}.Debug|x64.Build.0 = Debug|Any CPU
		{32FBF59A-EDA2-4E60-9099-993EB385A374}.Debug|x86.ActiveCfg = Debug|Any CPU
		{32FBF59A-EDA2-4E60-9099-993EB385A374}.Debug|x86.Build.0 = Debug|Any CPU
		{32FBF59A-EDA2-4E60-9099-993EB385A374}.Release|Any CPU.ActiveCfg = Release|Any CPU
		{32FBF59A-EDA2-4E60-9099-993EB385A374}.Release|Any CPU.Build.0 = Release|Any CPU
		{32FBF59A-EDA2-4E60-9099-993EB385A374}.Release|x64.ActiveCfg = Release|Any CPU
		{32FBF59A-EDA2-4E60-9099-993EB385A374}.Release|x64.Build.0 = Release|Any CPU
		{32FBF59A-EDA2-4E60-9099-993EB385A374}.Release|x86.ActiveCfg = Release|Any CPU
		{32FBF59A-EDA2-4E60-9099-993EB385A374}.Release|x86.Build.0 = Release|Any CPU
		{F61CFBC7-D7EE-4167-A591-A76D428CE5C0}.Debug|Any CPU.ActiveCfg = Debug|Any CPU
		{F61CFBC7-D7EE-4167-A591-A76D428CE5C0}.Debug|Any CPU.Build.0 = Debug|Any CPU
		{F61CFBC7-D7EE-4167-A591-A76D428CE5C0}.Debug|x64.ActiveCfg = Debug|Any CPU
		{F61CFBC7-D7EE-4167-A591-A76D428CE5C0}.Debug|x64.Build.0 = Debug|Any CPU
		{F61CFBC7-D7EE-4167-A591-A76D428CE5C0}.Debug|x86.ActiveCfg = Debug|Any CPU
		{F61CFBC7-D7EE-4167-A591-A76D428CE5C0}.Debug|x86.Build.0 = Debug|Any CPU
		{F61CFBC7-D7EE-4167-A591-A76D428CE5C0}.Release|Any CPU.ActiveCfg = Release|Any CPU
		{F61CFBC7-D7EE-4167-A591-A76D428CE5C0}.Release|Any CPU.Build.0 = Release|Any CPU
		{F61CFBC7-D7EE-4167-A591-A76D428CE5C0}.Release|x64.ActiveCfg = Release|Any CPU
		{F61CFBC7-D7EE-4167-A591-A76D428CE5C0}.Release|x64.Build.0 = Release|Any CPU
		{F61CFBC7-D7EE-4167-A591-A76D428CE5C0}.Release|x86.ActiveCfg = Release|Any CPU
		{F61CFBC7-D7EE-4167-A591-A76D428CE5C0}.Release|x86.Build.0 = Release|Any CPU
		{DD5B8872-1DA6-4D1A-8B33-75610422AECC}.Debug|Any CPU.ActiveCfg = Debug|Any CPU
		{DD5B8872-1DA6-4D1A-8B33-75610422AECC}.Debug|Any CPU.Build.0 = Debug|Any CPU
		{DD5B8872-1DA6-4D1A-8B33-75610422AECC}.Debug|x64.ActiveCfg = Debug|Any CPU
		{DD5B8872-1DA6-4D1A-8B33-75610422AECC}.Debug|x64.Build.0 = Debug|Any CPU
		{DD5B8872-1DA6-4D1A-8B33-75610422AECC}.Debug|x86.ActiveCfg = Debug|Any CPU
		{DD5B8872-1DA6-4D1A-8B33-75610422AECC}.Debug|x86.Build.0 = Debug|Any CPU
		{DD5B8872-1DA6-4D1A-8B33-75610422AECC}.Release|Any CPU.ActiveCfg = Release|Any CPU
		{DD5B8872-1DA6-4D1A-8B33-75610422AECC}.Release|Any CPU.Build.0 = Release|Any CPU
		{DD5B8872-1DA6-4D1A-8B33-75610422AECC}.Release|x64.ActiveCfg = Release|Any CPU
		{DD5B8872-1DA6-4D1A-8B33-75610422AECC}.Release|x64.Build.0 = Release|Any CPU
		{DD5B8872-1DA6-4D1A-8B33-75610422AECC}.Release|x86.ActiveCfg = Release|Any CPU
		{DD5B8872-1DA6-4D1A-8B33-75610422AECC}.Release|x86.Build.0 = Release|Any CPU
	EndGlobalSection
	GlobalSection(SolutionProperties) = preSolution
		HideSolutionNode = FALSE
	EndGlobalSection
	GlobalSection(ExtensibilityGlobals) = postSolution
		SolutionGuid = {5B16521C-3BB9-4D89-A95D-382518F55097}
	EndGlobalSection
EndGlobal
