
Microsoft Visual Studio Solution File, Format Version 12.00
# Visual Studio Version 16
VisualStudioVersion = 16.0.31019.35
MinimumVisualStudioVersion = 10.0.40219.1
Project("{9A19103F-16F7-4668-BE54-9A1E7A4F7556}") = "1.ClassBoxData", "1.ClassBoxData\1.ClassBoxData.csproj", "{3B332BB7-DE69-4BE1-811C-1291DEF5FFC0}"
EndProject
Project("{9A19103F-16F7-4668-BE54-9A1E7A4F7556}") = "AnimalFarm", "AnimalFarm\AnimalFarm.csproj", "{58E07276-C768-46D6-A4DB-E8AA9EB10F7A}"
EndProject
Project("{9A19103F-16F7-4668-BE54-9A1E7A4F7556}") = "3.ShoppingSpree", "3.ShoppingSpree\3.ShoppingSpree.csproj", "{74CEC2DA-5074-40E8-B181-AF61153F6B7A}"
EndProject
Project("{9A19103F-16F7-4668-BE54-9A1E7A4F7556}") = "4.PIzzaCalories", "4.PIzzaCalories\4.PIzzaCalories.csproj", "{FFC91833-A68C-4E6E-80A1-68B4EB379D45}"
EndProject
Project("{FAE04EC0-301F-11D3-BF4B-00C04F79EFBC}") = "5.FootballTeamGenerator", "5.FootballTeamGenerator\5.FootballTeamGenerator.csproj", "{0FE2A2B2-CF21-419B-BAF9-E75A05BFB7A5}"
EndProject
Global
	GlobalSection(SolutionConfigurationPlatforms) = preSolution
		Debug|Any CPU = Debug|Any CPU
		Release|Any CPU = Release|Any CPU
	EndGlobalSection
	GlobalSection(ProjectConfigurationPlatforms) = postSolution
		{3B332BB7-DE69-4BE1-811C-1291DEF5FFC0}.Debug|Any CPU.ActiveCfg = Debug|Any CPU
		{3B332BB7-DE69-4BE1-811C-1291DEF5FFC0}.Debug|Any CPU.Build.0 = Debug|Any CPU
		{3B332BB7-DE69-4BE1-811C-1291DEF5FFC0}.Release|Any CPU.ActiveCfg = Release|Any CPU
		{3B332BB7-DE69-4BE1-811C-1291DEF5FFC0}.Release|Any CPU.Build.0 = Release|Any CPU
		{58E07276-C768-46D6-A4DB-E8AA9EB10F7A}.Debug|Any CPU.ActiveCfg = Debug|Any CPU
		{58E07276-C768-46D6-A4DB-E8AA9EB10F7A}.Debug|Any CPU.Build.0 = Debug|Any CPU
		{58E07276-C768-46D6-A4DB-E8AA9EB10F7A}.Release|Any CPU.ActiveCfg = Release|Any CPU
		{58E07276-C768-46D6-A4DB-E8AA9EB10F7A}.Release|Any CPU.Build.0 = Release|Any CPU
		{74CEC2DA-5074-40E8-B181-AF61153F6B7A}.Debug|Any CPU.ActiveCfg = Debug|Any CPU
		{74CEC2DA-5074-40E8-B181-AF61153F6B7A}.Debug|Any CPU.Build.0 = Debug|Any CPU
		{74CEC2DA-5074-40E8-B181-AF61153F6B7A}.Release|Any CPU.ActiveCfg = Release|Any CPU
		{74CEC2DA-5074-40E8-B181-AF61153F6B7A}.Release|Any CPU.Build.0 = Release|Any CPU
		{FFC91833-A68C-4E6E-80A1-68B4EB379D45}.Debug|Any CPU.ActiveCfg = Debug|Any CPU
		{FFC91833-A68C-4E6E-80A1-68B4EB379D45}.Debug|Any CPU.Build.0 = Debug|Any CPU
		{FFC91833-A68C-4E6E-80A1-68B4EB379D45}.Release|Any CPU.ActiveCfg = Release|Any CPU
		{FFC91833-A68C-4E6E-80A1-68B4EB379D45}.Release|Any CPU.Build.0 = Release|Any CPU
		{0FE2A2B2-CF21-419B-BAF9-E75A05BFB7A5}.Debug|Any CPU.ActiveCfg = Debug|Any CPU
		{0FE2A2B2-CF21-419B-BAF9-E75A05BFB7A5}.Debug|Any CPU.Build.0 = Debug|Any CPU
		{0FE2A2B2-CF21-419B-BAF9-E75A05BFB7A5}.Release|Any CPU.ActiveCfg = Release|Any CPU
		{0FE2A2B2-CF21-419B-BAF9-E75A05BFB7A5}.Release|Any CPU.Build.0 = Release|Any CPU
	EndGlobalSection
	GlobalSection(SolutionProperties) = preSolution
		HideSolutionNode = FALSE
	EndGlobalSection
	GlobalSection(ExtensibilityGlobals) = postSolution
		SolutionGuid = {FDE9B8DB-9E89-44B5-88CC-D3DFA2E49235}
	EndGlobalSection
EndGlobal
