
Microsoft Visual Studio Solution File, Format Version 12.00
# Visual Studio Version 16
VisualStudioVersion = 16.0.30804.86
MinimumVisualStudioVersion = 10.0.40219.1
Project("{9A19103F-16F7-4668-BE54-9A1E7A4F7556}") = "01.Problem", "01.Problem\01.Problem.csproj", "{3A79C605-E6B4-41D6-9017-05008C8E38FF}"
EndProject
Project("{FAE04EC0-301F-11D3-BF4B-00C04F79EFBC}") = "02.Problem", "02.Problem\02.Problem.csproj", "{F51328D7-8AB8-45C5-8312-E6FC8BDA8444}"
EndProject
Project("{FAE04EC0-301F-11D3-BF4B-00C04F79EFBC}") = "03.Problem", "03.Problem\03.Problem.csproj", "{596606D3-A60E-4266-AC4D-7F22B7259ACD}"
EndProject
Global
	GlobalSection(SolutionConfigurationPlatforms) = preSolution
		Debug|Any CPU = Debug|Any CPU
		Release|Any CPU = Release|Any CPU
	EndGlobalSection
	GlobalSection(ProjectConfigurationPlatforms) = postSolution
		{3A79C605-E6B4-41D6-9017-05008C8E38FF}.Debug|Any CPU.ActiveCfg = Debug|Any CPU
		{3A79C605-E6B4-41D6-9017-05008C8E38FF}.Debug|Any CPU.Build.0 = Debug|Any CPU
		{3A79C605-E6B4-41D6-9017-05008C8E38FF}.Release|Any CPU.ActiveCfg = Release|Any CPU
		{3A79C605-E6B4-41D6-9017-05008C8E38FF}.Release|Any CPU.Build.0 = Release|Any CPU
		{F51328D7-8AB8-45C5-8312-E6FC8BDA8444}.Debug|Any CPU.ActiveCfg = Debug|Any CPU
		{F51328D7-8AB8-45C5-8312-E6FC8BDA8444}.Debug|Any CPU.Build.0 = Debug|Any CPU
		{F51328D7-8AB8-45C5-8312-E6FC8BDA8444}.Release|Any CPU.ActiveCfg = Release|Any CPU
		{F51328D7-8AB8-45C5-8312-E6FC8BDA8444}.Release|Any CPU.Build.0 = Release|Any CPU
		{596606D3-A60E-4266-AC4D-7F22B7259ACD}.Debug|Any CPU.ActiveCfg = Debug|Any CPU
		{596606D3-A60E-4266-AC4D-7F22B7259ACD}.Debug|Any CPU.Build.0 = Debug|Any CPU
		{596606D3-A60E-4266-AC4D-7F22B7259ACD}.Release|Any CPU.ActiveCfg = Release|Any CPU
		{596606D3-A60E-4266-AC4D-7F22B7259ACD}.Release|Any CPU.Build.0 = Release|Any CPU
	EndGlobalSection
	GlobalSection(SolutionProperties) = preSolution
		HideSolutionNode = FALSE
	EndGlobalSection
	GlobalSection(ExtensibilityGlobals) = postSolution
		SolutionGuid = {B23B00F5-BF5F-4281-A171-FD95CE8BE19B}
	EndGlobalSection
EndGlobal
