
Microsoft Visual Studio Solution File, Format Version 12.00
# Visual Studio Version 16
VisualStudioVersion = 16.0.30717.126
MinimumVisualStudioVersion = 10.0.40219.1
Project("{9A19103F-16F7-4668-BE54-9A1E7A4F7556}") = "2.ExtractSentencesByKeyword", "2.ExtractSentencesByKeyword\2.ExtractSentencesByKeyword.csproj", "{9318AA57-53E5-4294-BADA-B9E5109A54F3}"
EndProject
Project("{9A19103F-16F7-4668-BE54-9A1E7A4F7556}") = "4.Wheather", "4.Wheather\4.Wheather.csproj", "{3DBF7273-375C-4155-9607-861E38532021}"
EndProject
Project("{FAE04EC0-301F-11D3-BF4B-00C04F79EFBC}") = "5.КеyReplacer", "5.КеyReplacer\5.КеyReplacer.csproj", "{EBD7EA10-21AA-4C5A-804A-5E3C4B20F20B}"
EndProject
Global
	GlobalSection(SolutionConfigurationPlatforms) = preSolution
		Debug|Any CPU = Debug|Any CPU
		Release|Any CPU = Release|Any CPU
	EndGlobalSection
	GlobalSection(ProjectConfigurationPlatforms) = postSolution
		{9318AA57-53E5-4294-BADA-B9E5109A54F3}.Debug|Any CPU.ActiveCfg = Debug|Any CPU
		{9318AA57-53E5-4294-BADA-B9E5109A54F3}.Debug|Any CPU.Build.0 = Debug|Any CPU
		{9318AA57-53E5-4294-BADA-B9E5109A54F3}.Release|Any CPU.ActiveCfg = Release|Any CPU
		{9318AA57-53E5-4294-BADA-B9E5109A54F3}.Release|Any CPU.Build.0 = Release|Any CPU
		{3DBF7273-375C-4155-9607-861E38532021}.Debug|Any CPU.ActiveCfg = Debug|Any CPU
		{3DBF7273-375C-4155-9607-861E38532021}.Debug|Any CPU.Build.0 = Debug|Any CPU
		{3DBF7273-375C-4155-9607-861E38532021}.Release|Any CPU.ActiveCfg = Release|Any CPU
		{3DBF7273-375C-4155-9607-861E38532021}.Release|Any CPU.Build.0 = Release|Any CPU
		{EBD7EA10-21AA-4C5A-804A-5E3C4B20F20B}.Debug|Any CPU.ActiveCfg = Debug|Any CPU
		{EBD7EA10-21AA-4C5A-804A-5E3C4B20F20B}.Debug|Any CPU.Build.0 = Debug|Any CPU
		{EBD7EA10-21AA-4C5A-804A-5E3C4B20F20B}.Release|Any CPU.ActiveCfg = Release|Any CPU
		{EBD7EA10-21AA-4C5A-804A-5E3C4B20F20B}.Release|Any CPU.Build.0 = Release|Any CPU
	EndGlobalSection
	GlobalSection(SolutionProperties) = preSolution
		HideSolutionNode = FALSE
	EndGlobalSection
	GlobalSection(ExtensibilityGlobals) = postSolution
		SolutionGuid = {ECA04CE3-8280-4751-A26F-F656BECCCDCE}
	EndGlobalSection
EndGlobal
