
Microsoft Visual Studio Solution File, Format Version 12.00
# Visual Studio Version 16
VisualStudioVersion = 16.0.30717.126
MinimumVisualStudioVersion = 10.0.40219.1
Project("{FAE04EC0-301F-11D3-BF4B-00C04F79EFBC}") = "1.SecretChat", "1.SecretChat\1.SecretChat.csproj", "{8EDDB739-9FBD-4FE9-96DC-386B9718E875}"
EndProject
Project("{FAE04EC0-301F-11D3-BF4B-00C04F79EFBC}") = "2.MirrorWords", "2.MirrorWords\2.MirrorWords.csproj", "{6F0FEAFD-3A40-4888-AD91-C464D8651AC9}"
EndProject
Project("{FAE04EC0-301F-11D3-BF4B-00C04F79EFBC}") = "3.NeedForSpeedIII", "3.NeedForSpeedIII\3.NeedForSpeedIII.csproj", "{2B50454F-2309-4E0D-8934-636236879DAA}"
EndProject
Global
	GlobalSection(SolutionConfigurationPlatforms) = preSolution
		Debug|Any CPU = Debug|Any CPU
		Release|Any CPU = Release|Any CPU
	EndGlobalSection
	GlobalSection(ProjectConfigurationPlatforms) = postSolution
		{8EDDB739-9FBD-4FE9-96DC-386B9718E875}.Debug|Any CPU.ActiveCfg = Debug|Any CPU
		{8EDDB739-9FBD-4FE9-96DC-386B9718E875}.Debug|Any CPU.Build.0 = Debug|Any CPU
		{8EDDB739-9FBD-4FE9-96DC-386B9718E875}.Release|Any CPU.ActiveCfg = Release|Any CPU
		{8EDDB739-9FBD-4FE9-96DC-386B9718E875}.Release|Any CPU.Build.0 = Release|Any CPU
		{6F0FEAFD-3A40-4888-AD91-C464D8651AC9}.Debug|Any CPU.ActiveCfg = Debug|Any CPU
		{6F0FEAFD-3A40-4888-AD91-C464D8651AC9}.Debug|Any CPU.Build.0 = Debug|Any CPU
		{6F0FEAFD-3A40-4888-AD91-C464D8651AC9}.Release|Any CPU.ActiveCfg = Release|Any CPU
		{6F0FEAFD-3A40-4888-AD91-C464D8651AC9}.Release|Any CPU.Build.0 = Release|Any CPU
		{2B50454F-2309-4E0D-8934-636236879DAA}.Debug|Any CPU.ActiveCfg = Debug|Any CPU
		{2B50454F-2309-4E0D-8934-636236879DAA}.Debug|Any CPU.Build.0 = Debug|Any CPU
		{2B50454F-2309-4E0D-8934-636236879DAA}.Release|Any CPU.ActiveCfg = Release|Any CPU
		{2B50454F-2309-4E0D-8934-636236879DAA}.Release|Any CPU.Build.0 = Release|Any CPU
	EndGlobalSection
	GlobalSection(SolutionProperties) = preSolution
		HideSolutionNode = FALSE
	EndGlobalSection
	GlobalSection(ExtensibilityGlobals) = postSolution
		SolutionGuid = {2FCD04B7-4695-439F-8434-F62878B5056D}
	EndGlobalSection
EndGlobal
